// !$*UTF8*$!
{
	archiveVersion = 1;
	classes = {
	};
	objectVersion = 46;
	objects = {

/* Begin PBXBuildFile section */
		727DEBDC1AE584C100D65FAB /* main.m in Sources */ = {isa = PBXBuildFile; fileRef = 727DEBDB1AE584C100D65FAB /* main.m */; };
		727DEBDF1AE584C100D65FAB /* AppDelegate.m in Sources */ = {isa = PBXBuildFile; fileRef = 727DEBDE1AE584C100D65FAB /* AppDelegate.m */; };
		727DEBE21AE584C100D65FAB /* ViewController.m in Sources */ = {isa = PBXBuildFile; fileRef = 727DEBE11AE584C100D65FAB /* ViewController.m */; };
		727DEBE51AE584C100D65FAB /* Main.storyboard in Resources */ = {isa = PBXBuildFile; fileRef = 727DEBE31AE584C100D65FAB /* Main.storyboard */; };
		727DEBE71AE584C100D65FAB /* Images.xcassets in Resources */ = {isa = PBXBuildFile; fileRef = 727DEBE61AE584C100D65FAB /* Images.xcassets */; };
		727DEBEA1AE584C100D65FAB /* LaunchScreen.xib in Resources */ = {isa = PBXBuildFile; fileRef = 727DEBE81AE584C100D65FAB /* LaunchScreen.xib */; };
		727DEBF61AE584C100D65FAB /* ExampleFindFirstResponderTests.m in Sources */ = {isa = PBXBuildFile; fileRef = 727DEBF51AE584C100D65FAB /* ExampleFindFirstResponderTests.m */; };
		727DEC011AE585A000D65FAB /* UIResponder+FirstResponder.m in Sources */ = {isa = PBXBuildFile; fileRef = 727DEC001AE585A000D65FAB /* UIResponder+FirstResponder.m */; };
/* End PBXBuildFile section */

/* Begin PBXContainerItemProxy section */
		727DEBF01AE584C100D65FAB /* PBXContainerItemProxy */ = {
			isa = PBXContainerItemProxy;
			containerPortal = 727DEBCE1AE584C100D65FAB /* Project object */;
			proxyType = 1;
			remoteGlobalIDString = 727DEBD51AE584C100D65FAB;
			remoteInfo = ExampleFindFirstResponder;
		};
/* End PBXContainerItemProxy section */

/* Begin PBXFileReference section */
		727DEBD61AE584C100D65FAB /* ExampleFindFirstResponder.app */ = {isa = PBXFileReference; explicitFileType = wrapper.application; includeInIndex = 0; path = ExampleFindFirstResponder.app; sourceTree = BUILT_PRODUCTS_DIR; };
		727DEBDA1AE584C100D65FAB /* Info.plist */ = {isa = PBXFileReference; lastKnownFileType = text.plist.xml; path = Info.plist; sourceTree = "<group>"; };
		727DEBDB1AE584C100D65FAB /* main.m */ = {isa = PBXFileReference; lastKnownFileType = sourcecode.c.objc; path = main.m; sourceTree = "<group>"; };
		727DEBDD1AE584C100D65FAB /* AppDelegate.h */ = {isa = PBXFileReference; lastKnownFileType = sourcecode.c.h; path = AppDelegate.h; sourceTree = "<group>"; };
		727DEBDE1AE584C100D65FAB /* AppDelegate.m */ = {isa = PBXFileReference; lastKnownFileType = sourcecode.c.objc; path = AppDelegate.m; sourceTree = "<group>"; };
		727DEBE01AE584C100D65FAB /* ViewController.h */ = {isa = PBXFileReference; lastKnownFileType = sourcecode.c.h; path = ViewController.h; sourceTree = "<group>"; };
		727DEBE11AE584C100D65FAB /* ViewController.m */ = {isa = PBXFileReference; lastKnownFileType = sourcecode.c.objc; path = ViewController.m; sourceTree = "<group>"; };
		727DEBE41AE584C100D65FAB /* Base */ = {isa = PBXFileReference; lastKnownFileType = file.storyboard; name = Base; path = Base.lproj/Main.storyboard; sourceTree = "<group>"; };
		727DEBE61AE584C100D65FAB /* Images.xcassets */ = {isa = PBXFileReference; lastKnownFileType = folder.assetcatalog; path = Images.xcassets; sourceTree = "<group>"; };
		727DEBE91AE584C100D65FAB /* Base */ = {isa = PBXFileReference; lastKnownFileType = file.xib; name = Base; path = Base.lproj/LaunchScreen.xib; sourceTree = "<group>"; };
		727DEBEF1AE584C100D65FAB /* ExampleFindFirstResponderTests.xctest */ = {isa = PBXFileReference; explicitFileType = wrapper.cfbundle; includeInIndex = 0; path = ExampleFindFirstResponderTests.xctest; sourceTree = BUILT_PRODUCTS_DIR; };
		727DEBF41AE584C100D65FAB /* Info.plist */ = {isa = PBXFileReference; lastKnownFileType = text.plist.xml; path = Info.plist; sourceTree = "<group>"; };
		727DEBF51AE584C100D65FAB /* ExampleFindFirstResponderTests.m */ = {isa = PBXFileReference; lastKnownFileType = sourcecode.c.objc; path = ExampleFindFirstResponderTests.m; sourceTree = "<group>"; };
		727DEBFF1AE585A000D65FAB /* UIResponder+FirstResponder.h */ = {isa = PBXFileReference; fileEncoding = 4; lastKnownFileType = sourcecode.c.h; path = "UIResponder+FirstResponder.h"; sourceTree = "<group>"; };
		727DEC001AE585A000D65FAB /* UIResponder+FirstResponder.m */ = {isa = PBXFileReference; fileEncoding = 4; lastKnownFileType = sourcecode.c.objc; path = "UIResponder+FirstResponder.m"; sourceTree = "<group>"; };
/* End PBXFileReference section */

/* Begin PBXFrameworksBuildPhase section */
		727DEBD31AE584C100D65FAB /* Frameworks */ = {
			isa = PBXFrameworksBuildPhase;
			buildActionMask = 2147483647;
			files = (
			);
			runOnlyForDeploymentPostprocessing = 0;
		};
		727DEBEC1AE584C100D65FAB /* Frameworks */ = {
			isa = PBXFrameworksBuildPhase;
			buildActionMask = 2147483647;
			files = (
			);
			runOnlyForDeploymentPostprocessing = 0;
		};
/* End PBXFrameworksBuildPhase section */

/* Begin PBXGroup section */
		727DEBCD1AE584C100D65FAB = {
			isa = PBXGroup;
			children = (
				727DEBD81AE584C100D65FAB /* ExampleFindFirstResponder */,
				727DEBF21AE584C100D65FAB /* ExampleFindFirstResponderTests */,
				727DEBD71AE584C100D65FAB /* Products */,
			);
			sourceTree = "<group>";
		};
		727DEBD71AE584C100D65FAB /* Products */ = {
			isa = PBXGroup;
			children = (
				727DEBD61AE584C100D65FAB /* ExampleFindFirstResponder.app */,
				727DEBEF1AE584C100D65FAB /* ExampleFindFirstResponderTests.xctest */,
			);
			name = Products;
			sourceTree = "<group>";
		};
		727DEBD81AE584C100D65FAB /* ExampleFindFirstResponder */ = {
			isa = PBXGroup;
			children = (
				727DEBDD1AE584C100D65FAB /* AppDelegate.h */,
				727DEBDE1AE584C100D65FAB /* AppDelegate.m */,
				727DEBE01AE584C100D65FAB /* ViewController.h */,
				727DEBE11AE584C100D65FAB /* ViewController.m */,
				727DEBE31AE584C100D65FAB /* Main.storyboard */,
				727DEBE61AE584C100D65FAB /* Images.xcassets */,
				727DEBE81AE584C100D65FAB /* LaunchScreen.xib */,
				727DEBD91AE584C100D65FAB /* Supporting Files */,
				727DEBFF1AE585A000D65FAB /* UIResponder+FirstResponder.h */,
				727DEC001AE585A000D65FAB /* UIResponder+FirstResponder.m */,
			);
			path = ExampleFindFirstResponder;
			sourceTree = "<group>";
		};
		727DEBD91AE584C100D65FAB /* Supporting Files */ = {
			isa = PBXGroup;
			children = (
				727DEBDA1AE584C100D65FAB /* Info.plist */,
				727DEBDB1AE584C100D65FAB /* main.m */,
			);
			name = "Supporting Files";
			sourceTree = "<group>";
		};
		727DEBF21AE584C100D65FAB /* ExampleFindFirstResponderTests */ = {
			isa = PBXGroup;
			children = (
				727DEBF51AE584C100D65FAB /* ExampleFindFirstResponderTests.m */,
				727DEBF31AE584C100D65FAB /* Supporting Files */,
			);
			path = ExampleFindFirstResponderTests;
			sourceTree = "<group>";
		};
		727DEBF31AE584C100D65FAB /* Supporting Files */ = {
			isa = PBXGroup;
			children = (
				727DEBF41AE584C100D65FAB /* Info.plist */,
			);
			name = "Supporting Files";
			sourceTree = "<group>";
		};
/* End PBXGroup section */

/* Begin PBXNativeTarget section */
		727DEBD51AE584C100D65FAB /* ExampleFindFirstResponder */ = {
			isa = PBXNativeTarget;
			buildConfigurationList = 727DEBF91AE584C100D65FAB /* Build configuration list for PBXNativeTarget "ExampleFindFirstResponder" */;
			buildPhases = (
				727DEBD21AE584C100D65FAB /* Sources */,
				727DEBD31AE584C100D65FAB /* Frameworks */,
				727DEBD41AE584C100D65FAB /* Resources */,
			);
			buildRules = (
			);
			dependencies = (
			);
			name = ExampleFindFirstResponder;
			productName = ExampleFindFirstResponder;
			productReference = 727DEBD61AE584C100D65FAB /* ExampleFindFirstResponder.app */;
			productType = "com.apple.product-type.application";
		};
		727DEBEE1AE584C100D65FAB /* ExampleFindFirstResponderTests */ = {
			isa = PBXNativeTarget;
			buildConfigurationList = 727DEBFC1AE584C100D65FAB /* Build configuration list for PBXNativeTarget "ExampleFindFirstResponderTests" */;
			buildPhases = (
				727DEBEB1AE584C100D65FAB /* Sources */,
				727DEBEC1AE584C100D65FAB /* Frameworks */,
				727DEBED1AE584C100D65FAB /* Resources */,
			);
			buildRules = (
			);
			dependencies = (
				727DEBF11AE584C100D65FAB /* PBXTargetDependency */,
			);
			name = ExampleFindFirstResponderTests;
			productName = ExampleFindFirstResponderTests;
			productReference = 727DEBEF1AE584C100D65FAB /* ExampleFindFirstResponderTests.xctest */;
			productType = "com.apple.product-type.bundle.unit-test";
		};
/* End PBXNativeTarget section */

/* Begin PBXProject section */
		727DEBCE1AE584C100D65FAB /* Project object */ = {
			isa = PBXProject;
			attributes = {
				LastUpgradeCheck = 0630;
				ORGANIZATIONNAME = "Roaming Logic LLC";
				TargetAttributes = {
					727DEBD51AE584C100D65FAB = {
						CreatedOnToolsVersion = 6.3;
					};
					727DEBEE1AE584C100D65FAB = {
						CreatedOnToolsVersion = 6.3;
						TestTargetID = 727DEBD51AE584C100D65FAB;
					};
				};
			};
			buildConfigurationList = 727DEBD11AE584C100D65FAB /* Build configuration list for PBXProject "ExampleFindFirstResponder" */;
			compatibilityVersion = "Xcode 3.2";
			developmentRegion = English;
			hasScannedForEncodings = 0;
			knownRegions = (
				en,
				Base,
			);
			mainGroup = 727DEBCD1AE584C100D65FAB;
			productRefGroup = 727DEBD71AE584C100D65FAB /* Products */;
			projectDirPath = "";
			projectRoot = "";
			targets = (
				727DEBD51AE584C100D65FAB /* ExampleFindFirstResponder */,
				727DEBEE1AE584C100D65FAB /* ExampleFindFirstResponderTests */,
			);
		};
/* End PBXProject section */

/* Begin PBXResourcesBuildPhase section */
		727DEBD41AE584C100D65FAB /* Resources */ = {
			isa = PBXResourcesBuildPhase;
			buildActionMask = 2147483647;
			files = (
				727DEBE51AE584C100D65FAB /* Main.storyboard in Resources */,
				727DEBEA1AE584C100D65FAB /* LaunchScreen.xib in Resources */,
				727DEBE71AE584C100D65FAB /* Images.xcassets in Resources */,
			);
			runOnlyForDeploymentPostprocessing = 0;
		};
		727DEBED1AE584C100D65FAB /* Resources */ = {
			isa = PBXResourcesBuildPhase;
			buildActionMask = 2147483647;
			files = (
			);
			runOnlyForDeploymentPostprocessing = 0;
		};
/* End PBXResourcesBuildPhase section */

/* Begin PBXSourcesBuildPhase section */
		727DEBD21AE584C100D65FAB /* Sources */ = {
			isa = PBXSourcesBuildPhase;
			buildActionMask = 2147483647;
			files = (
				727DEC011AE585A000D65FAB /* UIResponder+FirstResponder.m in Sources */,
				727DEBE21AE584C100D65FAB /* ViewController.m in Sources */,
				727DEBDF1AE584C100D65FAB /* AppDelegate.m in Sources */,
				727DEBDC1AE584C100D65FAB /* main.m in Sources */,
			);
			runOnlyForDeploymentPostprocessing = 0;
		};
		727DEBEB1AE584C100D65FAB /* Sources */ = {
			isa = PBXSourcesBuildPhase;
			buildActionMask = 2147483647;
			files = (
				727DEBF61AE584C100D65FAB /* ExampleFindFirstResponderTests.m in Sources */,
			);
			runOnlyForDeploymentPostprocessing = 0;
		};
/* End PBXSourcesBuildPhase section */

/* Begin PBXTargetDependency section */
		727DEBF11AE584C100D65FAB /* PBXTargetDependency */ = {
			isa = PBXTargetDependency;
			target = 727DEBD51AE584C100D65FAB /* ExampleFindFirstResponder */;
			targetProxy = 727DEBF01AE584C100D65FAB /* PBXContainerItemProxy */;
		};
/* End PBXTargetDependency section */

/* Begin PBXVariantGroup section */
		727DEBE31AE584C100D65FAB /* Main.storyboard */ = {
			isa = PBXVariantGroup;
			children = (
				727DEBE41AE584C100D65FAB /* Base */,
			);
			name = Main.storyboard;
			sourceTree = "<group>";
		};
		727DEBE81AE584C100D65FAB /* LaunchScreen.xib */ = {
			isa = PBXVariantGroup;
			children = (
				727DEBE91AE584C100D65FAB /* Base */,
			);
			name = LaunchScreen.xib;
			sourceTree = "<group>";
		};
/* End PBXVariantGroup section */

/* Begin XCBuildConfiguration section */
		727DEBF71AE584C100D65FAB /* Debug */ = {
			isa = XCBuildConfiguration;
			buildSettings = {
				ALWAYS_SEARCH_USER_PATHS = NO;
				CLANG_CXX_LANGUAGE_STANDARD = "gnu++0x";
				CLANG_CXX_LIBRARY = "libc++";
				CLANG_ENABLE_MODULES = YES;
				CLANG_ENABLE_OBJC_ARC = YES;
				CLANG_WARN_BOOL_CONVERSION = YES;
				CLANG_WARN_CONSTANT_CONVERSION = YES;
				CLANG_WARN_DIRECT_OBJC_ISA_USAGE = YES_ERROR;
				CLANG_WARN_EMPTY_BODY = YES;
				CLANG_WARN_ENUM_CONVERSION = YES;
				CLANG_WARN_INT_CONVERSION = YES;
				CLANG_WARN_OBJC_ROOT_CLASS = YES_ERROR;
				CLANG_WARN_UNREACHABLE_CODE = YES;
				CLANG_WARN__DUPLICATE_METHOD_MATCH = YES;
				"CODE_SIGN_IDENTITY[sdk=iphoneos*]" = "iPhone Developer";
				COPY_PHASE_STRIP = NO;
				DEBUG_INFORMATION_FORMAT = "dwarf-with-dsym";
				ENABLE_STRICT_OBJC_MSGSEND = YES;
				GCC_C_LANGUAGE_STANDARD = gnu99;
				GCC_DYNAMIC_NO_PIC = NO;
				GCC_NO_COMMON_BLOCKS = YES;
				GCC_OPTIMIZATION_LEVEL = 0;
				GCC_PREPROCESSOR_DEFINITIONS = (
					"DEBUG=1",
					"$(inherited)",
				);
				GCC_SYMBOLS_PRIVATE_EXTERN = NO;
				GCC_WARN_64_TO_32_BIT_CONVERSION = YES;
				GCC_WARN_ABOUT_RETURN_TYPE = YES_ERROR;
				GCC_WARN_UNDECLARED_SELECTOR = YES;
				GCC_WARN_UNINITIALIZED_AUTOS = YES_AGGRESSIVE;
				GCC_WARN_UNUSED_FUNCTION = YES;
				GCC_WARN_UNUSED_VARIABLE = YES;
				IPHONEOS_DEPLOYMENT_TARGET = 8.3;
				MTL_ENABLE_DEBUG_INFO = YES;
				ONLY_ACTIVE_ARCH = YES;
				SDKROOT = iphoneos;
			};
			name = Debug;
		};
		727DEBF81AE584C100D65FAB /* Release */ = {
			isa = XCBuildConfiguration;
			buildSettings = {
				ALWAYS_SEARCH_USER_PATHS = NO;
				CLANG_CXX_LANGUAGE_STANDARD = "gnu++0x";
				CLANG_CXX_LIBRARY = "libc++";
				CLANG_ENABLE_MODULES = YES;
				CLANG_ENABLE_OBJC_ARC = YES;
				CLANG_WARN_BOOL_CONVERSION = YES;
				CLANG_WARN_CONSTANT_CONVERSION = YES;
				CLANG_WARN_DIRECT_OBJC_ISA_USAGE = YES_ERROR;
				CLANG_WARN_EMPTY_BODY = YES;
				CLANG_WARN_ENUM_CONVERSION = YES;
				CLANG_WARN_INT_CONVERSION = YES;
				CLANG_WARN_OBJC_ROOT_CLASS = YES_ERROR;
				CLANG_WARN_UNREACHABLE_CODE = YES;
				CLANG_WARN__DUPLICATE_METHOD_MATCH = YES;
				"CODE_SIGN_IDENTITY[sdk=iphoneos*]" = "iPhone Developer";
				COPY_PHASE_STRIP = NO;
				DEBUG_INFORMATION_FORMAT = "dwarf-with-dsym";
				ENABLE_NS_ASSERTIONS = NO;
				ENABLE_STRICT_OBJC_MSGSEND = YES;
				GCC_C_LANGUAGE_STANDARD = gnu99;
				GCC_NO_COMMON_BLOCKS = YES;
				GCC_WARN_64_TO_32_BIT_CONVERSION = YES;
				GCC_WARN_ABOUT_RETURN_TYPE = YES_ERROR;
				GCC_WARN_UNDECLARED_SELECTOR = YES;
				GCC_WARN_UNINITIALIZED_AUTOS = YES_AGGRESSIVE;
				GCC_WARN_UNUSED_FUNCTION = YES;
				GCC_WARN_UNUSED_VARIABLE = YES;
				IPHONEOS_DEPLOYMENT_TARGET = 8.3;
				MTL_ENABLE_DEBUG_INFO = NO;
				SDKROOT = iphoneos;
				VALIDATE_PRODUCT = YES;
			};
			name = Release;
		};
		727DEBFA1AE584C100D65FAB /* Debug */ = {
			isa = XCBuildConfiguration;
			buildSettings = {
				ASSETCATALOG_COMPILER_APPICON_NAME = AppIcon;
				INFOPLIST_FILE = ExampleFindFirstResponder/Info.plist;
				LD_RUNPATH_SEARCH_PATHS = "$(inherited) @executable_path/Frameworks";
				PRODUCT_NAME = "$(TARGET_NAME)";
			};
			name = Debug;
		};
		727DEBFB1AE584C100D65FAB /* Release */ = {
			isa = XCBuildConfiguration;
			buildSettings = {
				ASSETCATALOG_COMPILER_APPICON_NAME = AppIcon;
				INFOPLIST_FILE = ExampleFindFirstResponder/Info.plist;
				LD_RUNPATH_SEARCH_PATHS = "$(inherited) @executable_path/Frameworks";
				PRODUCT_NAME = "$(TARGET_NAME)";
			};
			name = Release;
		};
		727DEBFD1AE584C100D65FAB /* Debug */ = {
			isa = XCBuildConfiguration;
			buildSettings = {
				BUNDLE_LOADER = "$(TEST_HOST)";
				FRAMEWORK_SEARCH_PATHS = (
					"$(SDKROOT)/Developer/Library/Frameworks",
					"$(inherited)",
				);
				GCC_PREPROCESSOR_DEFINITIONS = (
					"DEBUG=1",
					"$(inherited)",
				);
				INFOPLIST_FILE = ExampleFindFirstResponderTests/Info.plist;
				LD_RUNPATH_SEARCH_PATHS = "$(inherited) @executable_path/Frameworks @loader_path/Frameworks";
				PRODUCT_NAME = "$(TARGET_NAME)";
				TEST_HOST = "$(BUILT_PRODUCTS_DIR)/ExampleFindFirstResponder.app/ExampleFindFirstResponder";
			};
			name = Debug;
		};
		727DEBFE1AE584C100D65FAB /* Release */ = {
			isa = XCBuildConfiguration;
			buildSettings = {
				BUNDLE_LOADER = "$(TEST_HOST)";
				FRAMEWORK_SEARCH_PATHS = (
					"$(SDKROOT)/Developer/Library/Frameworks",
					"$(inherited)",
				);
				INFOPLIST_FILE = ExampleFindFirstResponderTests/Info.plist;
				LD_RUNPATH_SEARCH_PATHS = "$(inherited) @executable_path/Frameworks @loader_path/Frameworks";
				PRODUCT_NAME = "$(TARGET_NAME)";
				TEST_HOST = "$(BUILT_PRODUCTS_DIR)/ExampleFindFirstResponder.app/ExampleFindFirstResponder";
			};
			name = Release;
		};
/* End XCBuildConfiguration section */

/* Begin XCConfigurationList section */
		727DEBD11AE584C100D65FAB /* Build configuration list for PBXProject "ExampleFindFirstResponder" */ = {
			isa = XCConfigurationList;
			buildConfigurations = (
				727DEBF71AE584C100D65FAB /* Debug */,
				727DEBF81AE584C100D65FAB /* Release */,
			);
			defaultConfigurationIsVisible = 0;
			defaultConfigurationName = Release;
		};
		727DEBF91AE584C100D65FAB /* Build configuration list for PBXNativeTarget "ExampleFindFirstResponder" */ = {
			isa = XCConfigurationList;
			buildConfigurations = (
				727DEBFA1AE584C100D65FAB /* Debug */,
				727DEBFB1AE584C100D65FAB /* Release */,
			);
			defaultConfigurationIsVisible = 0;
		};
		727DEBFC1AE584C100D65FAB /* Build configuration list for PBXNativeTarget "ExampleFindFirstResponderTests" */ = {
			isa = XCConfigurationList;
			buildConfigurations = (
				727DEBFD1AE584C100D65FAB /* Debug */,
				727DEBFE1AE584C100D65FAB /* Release */,
			);
			defaultConfigurationIsVisible = 0;
		};
/* End XCConfigurationList section */
	};
	rootObject = 727DEBCE1AE584C100D65FAB /* Project object */;
}
